# This file is autogenerated, do not edit; changes may be undone by the next 'dep ensure'.


[[projects]]
  name = "mvdan.cc/xurls"
  packages = ["."]
  revision = "284d56d6f9b9a86a9d5dcf57ec1340731a356d1b"

[solve-meta]
  analyzer-name = "dep"
  analyzer-version = 1
  inputs-digest = "7db5a816390e0f2560e7500e7ddae881d0241899149fae1b11eed5a633c1f0d8"
  solver-name = "gps-cdcl"
  solver-version = 1
